
Microsoft Visual Studio Solution File, Format Version 12.00
# Visual Studio Version 16
VisualStudioVersion = 16.0.29409.12
MinimumVisualStudioVersion = 10.0.40219.1
Project("{FAE04EC0-301F-11D3-BF4B-00C04F79EFBC}") = "SysDev2019", "SysDev2019\SysDev2019.csproj", "{C06C69F3-1FB3-4077-8E6A-C023BA236E60}"
EndProject
Project("{FAE04EC0-301F-11D3-BF4B-00C04F79EFBC}") = "SysDev2019.DatabaseConsole", "SysDev2019.DatabaseConsole\SysDev2019.DatabaseConsole.csproj", "{5FF37B16-078C-4667-876A-D1E924F239B9}"
EndProject
Global
	GlobalSection(SolutionConfigurationPlatforms) = preSolution
		Debug|Any CPU = Debug|Any CPU
		Release|Any CPU = Release|Any CPU
	EndGlobalSection
	GlobalSection(ProjectConfigurationPlatforms) = postSolution
		{C06C69F3-1FB3-4077-8E6A-C023BA236E60}.Debug|Any CPU.ActiveCfg = Debug|Any CPU
		{C06C69F3-1FB3-4077-8E6A-C023BA236E60}.Debug|Any CPU.Build.0 = Debug|Any CPU
		{C06C69F3-1FB3-4077-8E6A-C023BA236E60}.Release|Any CPU.ActiveCfg = Release|Any CPU
		{C06C69F3-1FB3-4077-8E6A-C023BA236E60}.Release|Any CPU.Build.0 = Release|Any CPU
		{5FF37B16-078C-4667-876A-D1E924F239B9}.Debug|Any CPU.ActiveCfg = Debug|Any CPU
		{5FF37B16-078C-4667-876A-D1E924F239B9}.Debug|Any CPU.Build.0 = Debug|Any CPU
		{5FF37B16-078C-4667-876A-D1E924F239B9}.Release|Any CPU.ActiveCfg = Release|Any CPU
		{5FF37B16-078C-4667-876A-D1E924F239B9}.Release|Any CPU.Build.0 = Release|Any CPU
	EndGlobalSection
	GlobalSection(SolutionProperties) = preSolution
		HideSolutionNode = FALSE
	EndGlobalSection
	GlobalSection(ExtensibilityGlobals) = postSolution
		SolutionGuid = {6EBDC442-50CB-41B6-815A-DC8A665761F4}
	EndGlobalSection
EndGlobal
